
Microsoft Visual Studio Solution File, Format Version 12.00
# Visual Studio Version 17
VisualStudioVersion = 17.4.33205.214
MinimumVisualStudioVersion = 10.0.40219.1
Project("{FAE04EC0-301F-11D3-BF4B-00C04F79EFBC}") = "git_message_22it35", "git_message_22it35\git_message_22it35.csproj", "{75083BBB-7F26-4AD3-A9F2-BA9402EB029B}"
EndProject
Global
	GlobalSection(SolutionConfigurationPlatforms) = preSolution
		Debug|Any CPU = Debug|Any CPU
		Release|Any CPU = Release|Any CPU
	EndGlobalSection
	GlobalSection(ProjectConfigurationPlatforms) = postSolution
		{75083BBB-7F26-4AD3-A9F2-BA9402EB029B}.Debug|Any CPU.ActiveCfg = Debug|Any CPU
		{75083BBB-7F26-4AD3-A9F2-BA9402EB029B}.Debug|Any CPU.Build.0 = Debug|Any CPU
		{75083BBB-7F26-4AD3-A9F2-BA9402EB029B}.Release|Any CPU.ActiveCfg = Release|Any CPU
		{75083BBB-7F26-4AD3-A9F2-BA9402EB029B}.Release|Any CPU.Build.0 = Release|Any CPU
	EndGlobalSection
	GlobalSection(SolutionProperties) = preSolution
		HideSolutionNode = FALSE
	EndGlobalSection
	GlobalSection(ExtensibilityGlobals) = postSolution
		SolutionGuid = {1D368E9C-264C-4CD1-B1D5-148BF7875AC3}
	EndGlobalSection
EndGlobal
